
Microsoft Visual Studio Solution File, Format Version 12.00
# Visual Studio Version 17
VisualStudioVersion = 17.1.32414.318
MinimumVisualStudioVersion = 10.0.40219.1
Project("{2150E333-8FDC-42A3-9474-1A3956D46DE8}") = "src", "src", "{C1B3466A-389C-4C7C-8AB5-BB87D02EC9F9}"
EndProject
Project("{2150E333-8FDC-42A3-9474-1A3956D46DE8}") = "Services", "Services", "{882CD4CD-EF2C-49E1-B7DB-EB50CD9FDC77}"
EndProject
Project("{9A19103F-16F7-4668-BE54-9A1E7A4F7556}") = "Identity.API", "Services\Identity.API\Identity.API.csproj", "{F9966698-F0C8-4DDF-846D-D1EAEFC4F346}"
EndProject
Project("{FAE04EC0-301F-11D3-BF4B-00C04F79EFBC}") = "Public.API", "Services\Public.API\Public.API.csproj", "{9BB10707-DF30-4403-B01D-8B1C79DED413}"
EndProject
Global
	GlobalSection(SolutionConfigurationPlatforms) = preSolution
		Debug|Any CPU = Debug|Any CPU
		Release|Any CPU = Release|Any CPU
	EndGlobalSection
	GlobalSection(ProjectConfigurationPlatforms) = postSolution
		{F9966698-F0C8-4DDF-846D-D1EAEFC4F346}.Debug|Any CPU.ActiveCfg = Debug|Any CPU
		{F9966698-F0C8-4DDF-846D-D1EAEFC4F346}.Debug|Any CPU.Build.0 = Debug|Any CPU
		{F9966698-F0C8-4DDF-846D-D1EAEFC4F346}.Release|Any CPU.ActiveCfg = Release|Any CPU
		{F9966698-F0C8-4DDF-846D-D1EAEFC4F346}.Release|Any CPU.Build.0 = Release|Any CPU
		{9BB10707-DF30-4403-B01D-8B1C79DED413}.Debug|Any CPU.ActiveCfg = Debug|Any CPU
		{9BB10707-DF30-4403-B01D-8B1C79DED413}.Debug|Any CPU.Build.0 = Debug|Any CPU
		{9BB10707-DF30-4403-B01D-8B1C79DED413}.Release|Any CPU.ActiveCfg = Release|Any CPU
		{9BB10707-DF30-4403-B01D-8B1C79DED413}.Release|Any CPU.Build.0 = Release|Any CPU
	EndGlobalSection
	GlobalSection(SolutionProperties) = preSolution
		HideSolutionNode = FALSE
	EndGlobalSection
	GlobalSection(NestedProjects) = preSolution
		{882CD4CD-EF2C-49E1-B7DB-EB50CD9FDC77} = {C1B3466A-389C-4C7C-8AB5-BB87D02EC9F9}
		{F9966698-F0C8-4DDF-846D-D1EAEFC4F346} = {882CD4CD-EF2C-49E1-B7DB-EB50CD9FDC77}
		{9BB10707-DF30-4403-B01D-8B1C79DED413} = {882CD4CD-EF2C-49E1-B7DB-EB50CD9FDC77}
	EndGlobalSection
	GlobalSection(ExtensibilityGlobals) = postSolution
		SolutionGuid = {39F645CB-A3DB-4DF2-A5AB-79AEC705A0B1}
	EndGlobalSection
EndGlobal
